
Microsoft Visual Studio Solution File, Format Version 12.00
# Visual Studio Version 17
VisualStudioVersion = 17.0.31912.275
MinimumVisualStudioVersion = 10.0.40219.1
Project("{FAE04EC0-301F-11D3-BF4B-00C04F79EFBC}") = "Mouse", "Mouse\Mouse.csproj", "{1E872A6B-EED9-441F-8949-F7358F635ED2}"
EndProject
Project("{FAE04EC0-301F-11D3-BF4B-00C04F79EFBC}") = "ComboBoxResimSec", "ComboBoxResimSec\ComboBoxResimSec.csproj", "{43EDCF76-EEAF-4CE3-AB51-41FEEB00EC65}"
EndProject
Global
	GlobalSection(SolutionConfigurationPlatforms) = preSolution
		Debug|Any CPU = Debug|Any CPU
		Release|Any CPU = Release|Any CPU
	EndGlobalSection
	GlobalSection(ProjectConfigurationPlatforms) = postSolution
		{1E872A6B-EED9-441F-8949-F7358F635ED2}.Debug|Any CPU.ActiveCfg = Debug|Any CPU
		{1E872A6B-EED9-441F-8949-F7358F635ED2}.Debug|Any CPU.Build.0 = Debug|Any CPU
		{1E872A6B-EED9-441F-8949-F7358F635ED2}.Release|Any CPU.ActiveCfg = Release|Any CPU
		{1E872A6B-EED9-441F-8949-F7358F635ED2}.Release|Any CPU.Build.0 = Release|Any CPU
		{43EDCF76-EEAF-4CE3-AB51-41FEEB00EC65}.Debug|Any CPU.ActiveCfg = Debug|Any CPU
		{43EDCF76-EEAF-4CE3-AB51-41FEEB00EC65}.Debug|Any CPU.Build.0 = Debug|Any CPU
		{43EDCF76-EEAF-4CE3-AB51-41FEEB00EC65}.Release|Any CPU.ActiveCfg = Release|Any CPU
		{43EDCF76-EEAF-4CE3-AB51-41FEEB00EC65}.Release|Any CPU.Build.0 = Release|Any CPU
	EndGlobalSection
	GlobalSection(SolutionProperties) = preSolution
		HideSolutionNode = FALSE
	EndGlobalSection
	GlobalSection(ExtensibilityGlobals) = postSolution
		SolutionGuid = {8C176EBE-4881-430A-8916-0A33F6A90963}
	EndGlobalSection
EndGlobal
