
Microsoft Visual Studio Solution File, Format Version 12.00
# Visual Studio Version 17
VisualStudioVersion = 17.0.31912.275
MinimumVisualStudioVersion = 10.0.40219.1
Project("{FAE04EC0-301F-11D3-BF4B-00C04F79EFBC}") = "Mouse", "Mouse\Mouse.csproj", "{1E872A6B-EED9-441F-8949-F7358F635ED2}"
EndProject
Project("{FAE04EC0-301F-11D3-BF4B-00C04F79EFBC}") = "ComboBoxResimSec", "ComboBoxResimSec\ComboBoxResimSec.csproj", "{43EDCF76-EEAF-4CE3-AB51-41FEEB00EC65}"
EndProject
Project("{FAE04EC0-301F-11D3-BF4B-00C04F79EFBC}") = "RadioButton", "RadioButton\RadioButton.csproj", "{15412325-07AE-4548-8509-CF392809D439}"
EndProject
Project("{FAE04EC0-301F-11D3-BF4B-00C04F79EFBC}") = "QRCodeOlustur.", "QRCodeOlustur\QRCodeOlustur..csproj", "{46246FDD-A3B9-433B-8D6C-D7910351C15F}"
EndProject
Project("{FAE04EC0-301F-11D3-BF4B-00C04F79EFBC}") = "GroupBox", "GroupBox\GroupBox.csproj", "{4C9934CE-16C9-409D-9F59-F6E5B06F4580}"
EndProject
Project("{FAE04EC0-301F-11D3-BF4B-00C04F79EFBC}") = "ListBoxlarArasiVeriTasima", "ListBoxlarArasiVeriTasima\ListBoxlarArasiVeriTasima.csproj", "{A1944807-5F12-4B79-8B21-8E2963464F32}"
EndProject
Project("{FAE04EC0-301F-11D3-BF4B-00C04F79EFBC}") = "KücükBüyükHarfCeviri", "KücükBüyükHarfCeviri\KücükBüyükHarfCeviri.csproj", "{BD709D2D-5789-48E0-9FD6-8225D69231A8}"
EndProject
Project("{FAE04EC0-301F-11D3-BF4B-00C04F79EFBC}") = "CSVDosyasiOkuma_DataGridView", "CSVDosyasiOkuma_DataGridView\CSVDosyasiOkuma_DataGridView.csproj", "{68507551-F78E-4447-9838-CE6F463820C2}"
EndProject
Project("{FAE04EC0-301F-11D3-BF4B-00C04F79EFBC}") = "ListBoxVeriEkleSil", "ListBoxVeriEkleSil\ListBoxVeriEkleSil.csproj", "{F20E9F42-780D-403F-9B0A-09D8A7EF106A}"
EndProject
Global
	GlobalSection(SolutionConfigurationPlatforms) = preSolution
		Debug|Any CPU = Debug|Any CPU
		Release|Any CPU = Release|Any CPU
	EndGlobalSection
	GlobalSection(ProjectConfigurationPlatforms) = postSolution
		{1E872A6B-EED9-441F-8949-F7358F635ED2}.Debug|Any CPU.ActiveCfg = Debug|Any CPU
		{1E872A6B-EED9-441F-8949-F7358F635ED2}.Debug|Any CPU.Build.0 = Debug|Any CPU
		{1E872A6B-EED9-441F-8949-F7358F635ED2}.Release|Any CPU.ActiveCfg = Release|Any CPU
		{1E872A6B-EED9-441F-8949-F7358F635ED2}.Release|Any CPU.Build.0 = Release|Any CPU
		{43EDCF76-EEAF-4CE3-AB51-41FEEB00EC65}.Debug|Any CPU.ActiveCfg = Debug|Any CPU
		{43EDCF76-EEAF-4CE3-AB51-41FEEB00EC65}.Debug|Any CPU.Build.0 = Debug|Any CPU
		{43EDCF76-EEAF-4CE3-AB51-41FEEB00EC65}.Release|Any CPU.ActiveCfg = Release|Any CPU
		{43EDCF76-EEAF-4CE3-AB51-41FEEB00EC65}.Release|Any CPU.Build.0 = Release|Any CPU
		{15412325-07AE-4548-8509-CF392809D439}.Debug|Any CPU.ActiveCfg = Debug|Any CPU
		{15412325-07AE-4548-8509-CF392809D439}.Debug|Any CPU.Build.0 = Debug|Any CPU
		{15412325-07AE-4548-8509-CF392809D439}.Release|Any CPU.ActiveCfg = Release|Any CPU
		{15412325-07AE-4548-8509-CF392809D439}.Release|Any CPU.Build.0 = Release|Any CPU
		{46246FDD-A3B9-433B-8D6C-D7910351C15F}.Debug|Any CPU.ActiveCfg = Debug|Any CPU
		{46246FDD-A3B9-433B-8D6C-D7910351C15F}.Debug|Any CPU.Build.0 = Debug|Any CPU
		{46246FDD-A3B9-433B-8D6C-D7910351C15F}.Release|Any CPU.ActiveCfg = Release|Any CPU
		{46246FDD-A3B9-433B-8D6C-D7910351C15F}.Release|Any CPU.Build.0 = Release|Any CPU
		{4C9934CE-16C9-409D-9F59-F6E5B06F4580}.Debug|Any CPU.ActiveCfg = Debug|Any CPU
		{4C9934CE-16C9-409D-9F59-F6E5B06F4580}.Debug|Any CPU.Build.0 = Debug|Any CPU
		{4C9934CE-16C9-409D-9F59-F6E5B06F4580}.Release|Any CPU.ActiveCfg = Release|Any CPU
		{4C9934CE-16C9-409D-9F59-F6E5B06F4580}.Release|Any CPU.Build.0 = Release|Any CPU
		{A1944807-5F12-4B79-8B21-8E2963464F32}.Debug|Any CPU.ActiveCfg = Debug|Any CPU
		{A1944807-5F12-4B79-8B21-8E2963464F32}.Debug|Any CPU.Build.0 = Debug|Any CPU
		{A1944807-5F12-4B79-8B21-8E2963464F32}.Release|Any CPU.ActiveCfg = Release|Any CPU
		{A1944807-5F12-4B79-8B21-8E2963464F32}.Release|Any CPU.Build.0 = Release|Any CPU
		{BD709D2D-5789-48E0-9FD6-8225D69231A8}.Debug|Any CPU.ActiveCfg = Debug|Any CPU
		{BD709D2D-5789-48E0-9FD6-8225D69231A8}.Debug|Any CPU.Build.0 = Debug|Any CPU
		{BD709D2D-5789-48E0-9FD6-8225D69231A8}.Release|Any CPU.ActiveCfg = Release|Any CPU
		{BD709D2D-5789-48E0-9FD6-8225D69231A8}.Release|Any CPU.Build.0 = Release|Any CPU
		{68507551-F78E-4447-9838-CE6F463820C2}.Debug|Any CPU.ActiveCfg = Debug|Any CPU
		{68507551-F78E-4447-9838-CE6F463820C2}.Debug|Any CPU.Build.0 = Debug|Any CPU
		{68507551-F78E-4447-9838-CE6F463820C2}.Release|Any CPU.ActiveCfg = Release|Any CPU
		{68507551-F78E-4447-9838-CE6F463820C2}.Release|Any CPU.Build.0 = Release|Any CPU
		{F20E9F42-780D-403F-9B0A-09D8A7EF106A}.Debug|Any CPU.ActiveCfg = Debug|Any CPU
		{F20E9F42-780D-403F-9B0A-09D8A7EF106A}.Debug|Any CPU.Build.0 = Debug|Any CPU
		{F20E9F42-780D-403F-9B0A-09D8A7EF106A}.Release|Any CPU.ActiveCfg = Release|Any CPU
		{F20E9F42-780D-403F-9B0A-09D8A7EF106A}.Release|Any CPU.Build.0 = Release|Any CPU
	EndGlobalSection
	GlobalSection(SolutionProperties) = preSolution
		HideSolutionNode = FALSE
	EndGlobalSection
	GlobalSection(ExtensibilityGlobals) = postSolution
		SolutionGuid = {8C176EBE-4881-430A-8916-0A33F6A90963}
	EndGlobalSection
EndGlobal
